{
    "_meta": {
        "hash": {
            "sha256": "801db93ec4ecba2443455bdb96594b7efb86b7f1d4813c6374ffbf52ba5e5af9"
        },
        "pipfile-spec": 6,
        "requires": {
            "python_version": "3.5"
        },
        "sources": [
            {
                "name": "pypi",
                "url": "https://pypi.org/simple",
                "verify_ssl": true
            }
        ]
    },
    "default": {
        "beautifulsoup4": {
            "hashes": [
                "sha256:05fd825eb01c290877657a56df4c6e4c311b3965bda790c613a3d6fb01a5462a",
                "sha256:9fbb4d6e48ecd30bcacc5b63b94088192dcda178513b2ae3c394229f8911b887",
                "sha256:e1505eeed31b0f4ce2dbb3bc8eb256c04cc2b3b72af7d551a4ab6efd5cbe5dae"
            ],
            "version": "==4.8.2"
        },
        "certifi": {
            "hashes": [
                "sha256:5930595817496dd21bb8dc35dad090f1c2cd0adfaf21204bf6732ca5d8ee34d3",
                "sha256:8fc0819f1f30ba15bdb34cceffb9ef04d99f420f68eb75d901e9560b8749fc41"
            ],
            "version": "==2020.6.20"
        },
        "chardet": {
            "hashes": [
                "sha256:84ab92ed1c4d4f16916e05906b6b75a6c0fb5db821cc65e70cbd64a3e2a5eaae",
                "sha256:fc323ffcaeaed0e0a02bf4d117757b98aed530d9ed4531e3e15460124c106691"
            ],
            "version": "==3.0.4"
        },
        "django": {
            "hashes": [
                "sha256:3e2f5d172215862abf2bac3138d8a04229d34dbd2d0dab42c6bf33876cc22323",
                "sha256:91f540000227eace0504a24f508de26daa756353aa7376c6972d7920bc339a3a"
            ],
            "index": "pypi",
            "version": "==2.2.15"
        },
        "django-appconf": {
            "hashes": [
                "sha256:1b1d0e1069c843ebe8ae5aa48ec52403b1440402b320c3e3a206a0907e97bb06",
                "sha256:be58deb54a43d77d2e1621fe59f787681376d3cd0b8bd8e4758ef6c3a6453380"
            ],
            "version": "==1.0.4"
        },
        "django-auth-ldap": {
            "hashes": [
                "sha256:0ed2d88d81c39be915a9ab53b97ec0a33a3d16055518ab4c9bcffe8236d40370",
                "sha256:11af1773b08613339d2c3a0cec1308a4d563518f17b1719c3759994d0b4d04bf"
            ],
            "markers": "python_version >= '3.5'",
            "version": "==2.2.0"
        },
        "django-cogwheels": {
            "hashes": [
                "sha256:197bd05e7114403d7301214b3f8a371c4fb6039cf21c811f099438b167b5ed21",
                "sha256:848a4d9f2c96c582a4a4f2e7c276dfd95ab3905748cae13bb7c4b365a6717e94"
            ],
            "markers": "python_version >= '3.4'",
            "version": "==0.3"
        },
        "django-colorful": {
            "hashes": [
                "sha256:49d3feefdabdf6a22931c12ce1ed0cbb4596e7754e66bd55c0f362c0a369e5cb",
                "sha256:fd246f2fb297ed074dc4349966d33a1c82d0308b7fb0d6ef6e2e76b90cefffb7"
            ],
            "version": "==1.3"
        },
        "django-compressor": {
            "hashes": [
                "sha256:57ac0a696d061e5fc6fbc55381d2050f353b973fb97eee5593f39247bc0f30af",
                "sha256:d2ed1c6137ddaac5536233ec0a819e14009553fee0a869bea65d03e5285ba74f"
            ],
            "index": "pypi",
            "version": "==2.4"
        },
        "django-el-pagination": {
            "hashes": [
                "sha256:46cb7311b4c7a35690ff0a972e71c782f3cfcd42968ef78993b7980377e9860e"
            ],
            "version": "==3.3.0"
        },
        "django-extensions": {
            "hashes": [
                "sha256:40d4b7aec7bbe66dda8704fbfaf2e1b7e04ec4aea6b10dcbd78d8af7c37bfddb",
                "sha256:6306175ae8c78c18ea7aff794f5fa3a47de7d128666e6668bd40596895da7f84"
            ],
            "index": "pypi",
            "version": "==3.0.5"
        },
        "django-filter": {
            "hashes": [
                "sha256:11e63dd759835d9ba7a763926ffb2662cf8a6dcb4c7971a95064de34dbc7e5af",
                "sha256:616848eab6fc50193a1b3730140c49b60c57a3eda1f7fc57fa8505ac156c6c75"
            ],
            "markers": "python_version >= '3.5'",
            "version": "==2.3.0"
        },
        "django-kdl-ldap": {
            "hashes": [
                "sha256:fc11c3e9a9f10afdcdd8bb1a116696cc5e02d537f1028bbcfaddcf7257e1fcfd",
                "sha256:ff9006f23782f7fdcf6cab4b31ae28e25f70642c70a6750f56147b5b418b3dd3"
            ],
            "index": "pypi",
            "version": "==1.2"
        },
        "django-kdl-wagtail": {
            "hashes": [
                "sha256:1a53c89bb0093e334f2ca67f9911388ac5477c36350c481e59358f7269637b4f",
                "sha256:8104a3ce44f2d4051ba946fc3f27e8e73b933a963f8099546bf33583f9643ae1"
            ],
            "index": "pypi",
            "version": "==0.9.0"
        },
        "django-libsass": {
            "hashes": [
                "sha256:38fab4ce1245542f3afd7248dc48f8a0b261f5f6c61e7cc43969a9c9079b5ffd",
                "sha256:3e74fd8e75ac0e6ebc0443efc3e530167981bf279fecc2294094c820ae266fbb"
            ],
            "index": "pypi",
            "version": "==0.8"
        },
        "django-model-utils": {
            "hashes": [
                "sha256:9cf882e5b604421b62dbe57ad2b18464dc9c8f963fc3f9831badccae66c1139c",
                "sha256:adf09e5be15122a7f4e372cb5a6dd512bbf8d78a23a90770ad0983ee9d909061"
            ],
            "index": "pypi",
            "version": "==4.0.0"
        },
        "django-modelcluster": {
            "hashes": [
                "sha256:942ec7ea970c9ef9ded76a1c79cfe69432a7f1c106b505c501d40f100bcbc91a",
                "sha256:c7a42cf9b93d1161a10bf59919f7ee52d996a523a4134b2a136f6fe1eba7a2fa"
            ],
            "markers": "python_version >= '3.5'",
            "version": "==5.0.2"
        },
        "django-ranged-response": {
            "hashes": [
                "sha256:f71fff352a37316b9bead717fc76e4ddd6c9b99c4680cdf4783b9755af1cf985"
            ],
            "version": "==0.2.0"
        },
        "django-redis": {
            "hashes": [
                "sha256:1133b26b75baa3664164c3f44b9d5d133d1b8de45d94d79f38d1adc5b1d502e5",
                "sha256:306589c7021e6468b2656edc89f62b8ba67e8d5a1c8877e2688042263daa7a63"
            ],
            "index": "pypi",
            "version": "==4.12.1"
        },
        "django-simple-captcha": {
            "hashes": [
                "sha256:33f6a01fb8da1a2283bcc56db35cbb3fdc3f444157363ae25f0b48d111ca52de",
                "sha256:fc25f0425e282aa82d2a65013049a8dc7c0682f8e05d32681c39a0c55ed322bd"
            ],
            "index": "pypi",
            "version": "==0.5.12"
        },
        "django-social-share": {
            "hashes": [
                "sha256:52331fd59e30a185448d02ee97afcde8b986120d4eb62512a76f5dbcac218907",
                "sha256:b5f2402338098bffeda31ac1afa20b80ef3609ce438b2b07c54fd1553dddd52b"
            ],
            "version": "==2.0.0"
        },
        "django-taggit": {
            "hashes": [
                "sha256:4a833bf71f4c2deddd9745924eee53be1c075d7f0020a06f12e29fa3d752732d",
                "sha256:609b0223d8a652f3fae088b7fd29f294fdadaca2d7931d45c27d6c59b02fdf31"
            ],
            "markers": "python_version >= '3.5'",
            "version": "==1.3.0"
        },
        "django-treebeard": {
            "hashes": [
                "sha256:83aebc34a9f06de7daaec330d858d1c47887e81be3da77e3541fe7368196dd8a"
            ],
            "version": "==4.3.1"
        },
        "djangorestframework": {
            "hashes": [
                "sha256:6dd02d5a4bd2516fb93f80360673bf540c3b6641fec8766b1da2870a5aa00b32",
                "sha256:8b1ac62c581dbc5799b03e535854b92fc4053ecfe74bad3f9c05782063d4196b"
            ],
            "markers": "python_version >= '3.5'",
            "version": "==3.11.1"
        },
        "draftjs-exporter": {
            "hashes": [
                "sha256:5839cbc29d7bce2fb99837a404ca40c3a07313f2a20e2700de7ad6aa9a9a18fb",
                "sha256:d415a9964690a2cddb66a31ef32dd46c277e9b80434b94e39e3043188ed83e33"
            ],
            "version": "==2.1.7"
        },
        "elasticsearch": {
            "hashes": [
                "sha256:658380fd60bdaf746fef12958f0abc49063218ce93ee1ae4ca1fe6291c896433",
                "sha256:ae91b089f2f2b5b3daa04297949e5f805ab12d187218cb587273f472656fd250"
            ],
            "index": "pypi",
            "version": "==5.5.3"
        },
        "et-xmlfile": {
            "hashes": [
                "sha256:614d9722d572f6246302c4491846d2c393c199cfa4edc9af593437691683335b"
            ],
            "version": "==1.0.1"
        },
        "html5lib": {
            "hashes": [
                "sha256:0d78f8fde1c230e99fe37986a60526d7049ed4bf8a9fadbad5f00e22e58e041d",
                "sha256:b2e5b40261e20f354d198eae92afc10d750afb487ed5e50f9c4eaf07c184146f"
            ],
            "markers": "python_version >= '2.7' and python_version not in '3.0, 3.1, 3.2, 3.3, 3.4'",
            "version": "==1.1"
        },
        "idna": {
            "hashes": [
                "sha256:b307872f855b18632ce0c21c5e45be78c0ea7ae4c15c828c20788b26921eb3f6",
                "sha256:b97d804b1e9b523befed77c48dacec60e6dcb0b5391d57af6a65a312a90648c0"
            ],
            "markers": "python_version >= '2.7' and python_version not in '3.0, 3.1, 3.2, 3.3'",
            "version": "==2.10"
        },
        "jdcal": {
            "hashes": [
                "sha256:1abf1305fce18b4e8aa248cf8fe0c56ce2032392bc64bbd61b5dff2a19ec8bba",
                "sha256:472872e096eb8df219c23f2689fc336668bdb43d194094b5cc1707e1640acfc8"
            ],
            "version": "==1.4.1"
        },
        "kdl-wagtail-page": {
            "hashes": [
                "sha256:1c13f998e6e339e7bea15800068e72af1beb215fcf847a067b6c7c40c97ca2eb",
                "sha256:69b27b928c8af576c0c09a209806f54153b1426948c8544c7f60dd6dcc5779bd"
            ],
            "index": "pypi",
            "version": "==0.1.2"
        },
        "l18n": {
            "hashes": [
                "sha256:46e72c980d06a7511726f1da10a32fa524f7e2937c0af5ad52d39577024a4382"
            ],
            "version": "==2018.5"
        },
        "libsass": {
            "hashes": [
                "sha256:107c409524c6a4ed14410fa9dafa9ee59c6bd3ecae75d73af749ab2b75685726",
                "sha256:3bc0d68778b30b5fa83199e18795314f64b26ca5871e026343e63934f616f7f7",
                "sha256:5c8ff562b233734fbc72b23bb862cc6a6f70b1e9bf85a58422aa75108b94783b",
                "sha256:74f6fb8da58179b5d86586bc045c16d93d55074bc7bb48b6354a4da7ac9f9dfd",
                "sha256:7555d9b24e79943cfafac44dbb4ca7e62105c038de7c6b999838c9ff7b88645d",
                "sha256:794f4f4661667263e7feafe5cc866e3746c7c8a9192b2aa9afffdadcbc91c687",
                "sha256:8cf72552b39e78a1852132e16b706406bc76029fe3001583284ece8d8752a60a",
                "sha256:98f6dee9850b29e62977a963e3beb3cfeb98b128a267d59d2c3d675e298c8d57",
                "sha256:a43f3830d83ad9a7f5013c05ce239ca71744d0780dad906587302ac5257bce60",
                "sha256:b077261a04ba1c213e932943208471972c5230222acb7fa97373e55a40872cbb",
                "sha256:b7452f1df274b166dc22ee2e9154c4adca619bcbbdf8041a7aa05f372a1dacbc",
                "sha256:e6a547c0aa731dcb4ed71f198e814bee0400ce04d553f3f12a53bc3a17f2a481",
                "sha256:fd19c8f73f70ffc6cbcca8139da08ea9a71fc48e7dfc4bb236ad88ab2d6558f1"
            ],
            "version": "==0.20.0"
        },
        "mailchimp3": {
            "hashes": [
                "sha256:17acf89fe23e2268bc0176857b71af7f9a89bbcad227888149ff8aeb83966907",
                "sha256:f027871a6b39cd1ec667c4fa0388e6a45ccd93f2d34989515b5cd4030d53fd70"
            ],
            "index": "pypi",
            "version": "==3.0.14"
        },
        "openpyxl": {
            "hashes": [
                "sha256:1d53801678e18d7fe38c116f1ad0c2383a654670c4c8806105b611c92d92f2e3"
            ],
            "version": "==2.6.4"
        },
        "pillow": {
            "hashes": [
                "sha256:0295442429645fa16d05bd567ef5cff178482439c9aad0411d3f0ce9b88b3a6f",
                "sha256:06aba4169e78c439d528fdeb34762c3b61a70813527a2c57f0540541e9f433a8",
                "sha256:09d7f9e64289cb40c2c8d7ad674b2ed6105f55dc3b09aa8e4918e20a0311e7ad",
                "sha256:0a80dd307a5d8440b0a08bd7b81617e04d870e40a3e46a32d9c246e54705e86f",
                "sha256:1ca594126d3c4def54babee699c055a913efb01e106c309fa6b04405d474d5ae",
                "sha256:25930fadde8019f374400f7986e8404c8b781ce519da27792cbe46eabec00c4d",
                "sha256:431b15cffbf949e89df2f7b48528be18b78bfa5177cb3036284a5508159492b5",
                "sha256:52125833b070791fcb5710fabc640fc1df07d087fc0c0f02d3661f76c23c5b8b",
                "sha256:5e51ee2b8114def244384eda1c82b10e307ad9778dac5c83fb0943775a653cd8",
                "sha256:612cfda94e9c8346f239bf1a4b082fdd5c8143cf82d685ba2dba76e7adeeb233",
                "sha256:6d7741e65835716ceea0fd13a7d0192961212fd59e741a46bbed7a473c634ed6",
                "sha256:6edb5446f44d901e8683ffb25ebdfc26988ee813da3bf91e12252b57ac163727",
                "sha256:725aa6cfc66ce2857d585f06e9519a1cc0ef6d13f186ff3447ab6dff0a09bc7f",
                "sha256:8dad18b69f710bf3a001d2bf3afab7c432785d94fcf819c16b5207b1cfd17d38",
                "sha256:94cf49723928eb6070a892cb39d6c156f7b5a2db4e8971cb958f7b6b104fb4c4",
                "sha256:97f9e7953a77d5a70f49b9a48da7776dc51e9b738151b22dacf101641594a626",
                "sha256:9ad7f865eebde135d526bb3163d0b23ffff365cf87e767c649550964ad72785d",
                "sha256:a060cf8aa332052df2158e5a119303965be92c3da6f2d93b6878f0ebca80b2f6",
                "sha256:c79f9c5fb846285f943aafeafda3358992d64f0ef58566e23484132ecd8d7d63",
                "sha256:c92302a33138409e8f1ad16731568c55c9053eee71bb05b6b744067e1b62380f",
                "sha256:d08b23fdb388c0715990cbc06866db554e1822c4bdcf6d4166cf30ac82df8c41",
                "sha256:d350f0f2c2421e65fbc62690f26b59b0bcda1b614beb318c81e38647e0f673a1",
                "sha256:ec29604081f10f16a7aea809ad42e27764188fc258b02259a03a8ff7ded3808d",
                "sha256:edf31f1150778abd4322444c393ab9c7bd2af271dd4dafb4208fb613b1f3cdc9",
                "sha256:f7e30c27477dffc3e85c2463b3e649f751789e0f6c8456099eea7ddd53be4a8a",
                "sha256:ffe538682dc19cc542ae7c3e504fdf54ca7f86fb8a135e59dd6bc8627eae6cce"
            ],
            "markers": "python_version >= '3.5'",
            "version": "==7.2.0"
        },
        "psycopg2-binary": {
            "hashes": [
                "sha256:008da3ab51adc70a5f1cfbbe5db3a22607ab030eb44bcecf517ad11a0c2b3cac",
                "sha256:07cf82c870ec2d2ce94d18e70c13323c89f2f2a2628cbf1feee700630be2519a",
                "sha256:08507efbe532029adee21b8d4c999170a83760d38249936038bd0602327029b5",
                "sha256:107d9be3b614e52a192719c6bf32e8813030020ea1d1215daa86ded9a24d8b04",
                "sha256:17a0ea0b0eabf07035e5e0d520dabc7950aeb15a17c6d36128ba99b2721b25b1",
                "sha256:3286541b9d85a340ee4ed42732d15fc1bb441dc500c97243a768154ab8505bb5",
                "sha256:3939cf75fc89c5e9ed836e228c4a63604dff95ad19aed2bbf71d5d04c15ed5ce",
                "sha256:40abc319f7f26c042a11658bf3dd3b0b3bceccf883ec1c565d5c909a90204434",
                "sha256:51f7823f1b087d2020d8e8c9e6687473d3d239ba9afc162d9b2ab6e80b53f9f9",
                "sha256:6bb2dd006a46a4a4ce95201f836194eb6a1e863f69ee5bab506673e0ca767057",
                "sha256:702f09d8f77dc4794651f650828791af82f7c2efd8c91ae79e3d9fe4bb7d4c98",
                "sha256:7036ccf715925251fac969f4da9ad37e4b7e211b1e920860148a10c0de963522",
                "sha256:7b832d76cc65c092abd9505cc670c4e3421fd136fb6ea5b94efbe4c146572505",
                "sha256:8f74e631b67482d504d7e9cf364071fc5d54c28e79a093ff402d5f8f81e23bfa",
                "sha256:930315ac53dc65cbf52ab6b6d27422611f5fb461d763c531db229c7e1af6c0b3",
                "sha256:96d3038f5bd061401996614f65d27a4ecb62d843eb4f48e212e6d129171a721f",
                "sha256:a20299ee0ea2f9cca494396ac472d6e636745652a64a418b39522c120fd0a0a4",
                "sha256:a34826d6465c2e2bbe9d0605f944f19d2480589f89863ed5f091943be27c9de4",
                "sha256:a69970ee896e21db4c57e398646af9edc71c003bc52a3cc77fb150240fefd266",
                "sha256:b9a8b391c2b0321e0cd7ec6b4cfcc3dd6349347bd1207d48bcb752aa6c553a66",
                "sha256:ba13346ff6d3eb2dca0b6fa0d8a9d999eff3dcd9b55f3a890f12b0b6362b2b38",
                "sha256:bb0608694a91db1e230b4a314e8ed00ad07ed0c518f9a69b83af2717e31291a3",
                "sha256:c8830b7d5f16fd79d39b21e3d94f247219036b29b30c8270314c46bf8b732389",
                "sha256:cac918cd7c4c498a60f5d2a61d4f0a6091c2c9490d81bc805c963444032d0dab",
                "sha256:cc30cb900f42c8a246e2cb76539d9726f407330bc244ca7729c41a44e8d807fb",
                "sha256:ccdc6a87f32b491129ada4b87a43b1895cf2c20fdb7f98ad979647506ffc41b6",
                "sha256:d1a8b01f6a964fec702d6b6dac1f91f2b9f9fe41b310cbb16c7ef1fac82df06d",
                "sha256:e004db88e5a75e5fdab1620fb9f90c9598c2a195a594225ac4ed2a6f1c23e162",
                "sha256:eb2f43ae3037f1ef5e19339c41cf56947021ac892f668765cd65f8ab9814192e",
                "sha256:fa466306fcf6b39b8a61d003123d442b23707d635a5cb05ac4e1b62cc79105cd"
            ],
            "index": "pypi",
            "version": "==2.8.5"
        },
        "puput": {
            "hashes": [
                "sha256:01749d0c1cf9680313691ec6ddb7c5123e1a8d18d894499c93ceba34262b9a55",
                "sha256:a0c8df9d2be2ab85a78d22a7d245e6bddbff085244e7eaa6815e7930f6944225"
            ],
            "index": "pypi",
            "version": "==1.1.1"
        },
        "pyasn1": {
            "hashes": [
                "sha256:014c0e9976956a08139dc0712ae195324a75e142284d5f87f1a87ee1b068a359",
                "sha256:03840c999ba71680a131cfaee6fab142e1ed9bbd9c693e285cc6aca0d555e576",
                "sha256:0458773cfe65b153891ac249bcf1b5f8f320b7c2ce462151f8fa74de8934becf",
                "sha256:08c3c53b75eaa48d71cf8c710312316392ed40899cb34710d092e96745a358b7",
                "sha256:39c7e2ec30515947ff4e87fb6f456dfc6e84857d34be479c9d4a4ba4bf46aa5d",
                "sha256:5c9414dcfede6e441f7e8f81b43b34e834731003427e5b09e4e00e3172a10f00",
                "sha256:6e7545f1a61025a4e58bb336952c5061697da694db1cae97b116e9c46abcf7c8",
                "sha256:78fa6da68ed2727915c4767bb386ab32cdba863caa7dbe473eaae45f9959da86",
                "sha256:7ab8a544af125fb704feadb008c99a88805126fb525280b2270bb25cc1d78a12",
                "sha256:99fcc3c8d804d1bc6d9a099921e39d827026409a58f2a720dcdb89374ea0c776",
                "sha256:aef77c9fb94a3ac588e87841208bdec464471d9871bd5050a287cc9a475cd0ba",
                "sha256:e89bf84b5437b532b0803ba5c9a5e054d21fec423a89952a74f87fa2c9b7bce2",
                "sha256:fec3e9d8e36808a28efb59b489e4528c10ad0f480e57dcc32b4de5c9d8c9fdf3"
            ],
            "version": "==0.4.8"
        },
        "pyasn1-modules": {
            "hashes": [
                "sha256:0845a5582f6a02bb3e1bde9ecfc4bfcae6ec3210dd270522fee602365430c3f8",
                "sha256:0fe1b68d1e486a1ed5473f1302bd991c1611d319bba158e98b106ff86e1d7199",
                "sha256:15b7c67fabc7fc240d87fb9aabf999cf82311a6d6fb2c70d00d3d0604878c811",
                "sha256:426edb7a5e8879f1ec54a1864f16b882c2837bfd06eee62f2c982315ee2473ed",
                "sha256:65cebbaffc913f4fe9e4808735c95ea22d7a7775646ab690518c056784bc21b4",
                "sha256:905f84c712230b2c592c19470d3ca8d552de726050d1d1716282a1f6146be65e",
                "sha256:a50b808ffeb97cb3601dd25981f6b016cbb3d31fbf57a8b8a87428e6158d0c74",
                "sha256:a99324196732f53093a84c4369c996713eb8c89d360a496b599fb1a9c47fc3eb",
                "sha256:b80486a6c77252ea3a3e9b1e360bc9cf28eaac41263d173c032581ad2f20fe45",
                "sha256:c29a5e5cc7a3f05926aff34e097e84f8589cd790ce0ed41b67aed6857b26aafd",
                "sha256:cbac4bc38d117f2a49aeedec4407d23e8866ea4ac27ff2cf7fb3e5b570df19e0",
                "sha256:f39edd8c4ecaa4556e989147ebf219227e2cd2e8a43c7e7fcb1f1c18c5fd6a3d",
                "sha256:fe0644d9ab041506b62782e92b06b8c68cca799e1a9636ec398675459e031405"
            ],
            "version": "==0.2.8"
        },
        "python-ldap": {
            "hashes": [
                "sha256:4711cacf013e298754abd70058ccc995758177fb425f1c2d30e71adfc1d00aa5"
            ],
            "markers": "python_version >= '2.7' and python_version not in '3.0, 3.1, 3.2, 3.3'",
            "version": "==3.3.1"
        },
        "pytz": {
            "hashes": [
                "sha256:a494d53b6d39c3c6e44c3bec237336e14305e4f29bbf800b599253057fbb79ed",
                "sha256:c35965d010ce31b23eeb663ed3cc8c906275d6be1a34393a1d73a41febf4a048"
            ],
            "version": "==2020.1"
        },
        "rcssmin": {
            "hashes": [
                "sha256:ca87b695d3d7864157773a61263e5abb96006e9ff0e021eff90cbe0e1ba18270"
            ],
            "version": "==1.0.6"
        },
        "redis": {
            "hashes": [
                "sha256:0e7e0cfca8660dea8b7d5cd8c4f6c5e29e11f31158c0b0ae91a397f00e5a05a2",
                "sha256:432b788c4530cfe16d8d943a09d40ca6c16149727e4afe8c2c9d5580c59d9f24"
            ],
            "index": "pypi",
            "version": "==3.5.3"
        },
        "requests": {
            "hashes": [
                "sha256:b3559a131db72c33ee969480840fff4bb6dd111de7dd27c8ee1f820f4f00231b",
                "sha256:fe75cc94a9443b9246fc7049224f75604b113c36acb93f87b80ed42c44cbb898"
            ],
            "markers": "python_version >= '2.7' and python_version not in '3.0, 3.1, 3.2, 3.3, 3.4'",
            "version": "==2.24.0"
        },
        "rjsmin": {
            "hashes": [
                "sha256:0ab825839125eaca57cc59581d72e596e58a7a56fbc0839996b7528f0343a0a8",
                "sha256:211c2fe8298951663bbc02acdffbf714f6793df54bfc50e1c6c9e71b3f2559a3",
                "sha256:466fe70cc5647c7c51b3260c7e2e323a98b2b173564247f9c89e977720a0645f",
                "sha256:585e75a84d9199b68056fd4a083d9a61e2a92dfd10ff6d4ce5bdb04bc3bdbfaf",
                "sha256:6044ca86e917cd5bb2f95e6679a4192cef812122f28ee08c677513de019629b3",
                "sha256:714329db774a90947e0e2086cdddb80d5e8c4ac1c70c9f92436378dedb8ae345",
                "sha256:799890bd07a048892d8d3deb9042dbc20b7f5d0eb7da91e9483c561033b23ce2",
                "sha256:975b69754d6a76be47c0bead12367a1ca9220d08e5393f80bab0230d4625d1f4",
                "sha256:b15dc75c71f65d9493a8c7fa233fdcec823e3f1b88ad84a843ffef49b338ac32",
                "sha256:dd0f4819df4243ffe4c964995794c79ca43943b5b756de84be92b445a652fb86",
                "sha256:e3908b21ebb584ce74a6ac233bdb5f29485752c9d3be5e50c5484ed74169232c",
                "sha256:e487a7783ac4339e79ec610b98228eb9ac72178973e3dee16eba0e3feef25924",
                "sha256:ecd29f1b3e66a4c0753105baec262b331bcbceefc22fbe6f7e8bcd2067bcb4d7"
            ],
            "version": "==1.1.0"
        },
        "six": {
            "hashes": [
                "sha256:30639c035cdb23534cd4aa2dd52c3bf48f06e5f4a941509c8bafd8ce11080259",
                "sha256:8b74bedcbbbaca38ff6d7491d76f2b06b3592611af620f8426e82dddb04a5ced"
            ],
            "markers": "python_version >= '2.7' and python_version not in '3.0, 3.1, 3.2'",
            "version": "==1.15.0"
        },
        "soupsieve": {
            "hashes": [
                "sha256:1634eea42ab371d3d346309b93df7870a88610f0725d47528be902a0d95ecc55",
                "sha256:a59dc181727e95d25f781f0eb4fd1825ff45590ec8ff49eadfd7f1a537cc0232"
            ],
            "markers": "python_version >= '3.5'",
            "version": "==2.0.1"
        },
        "sqlparse": {
            "hashes": [
                "sha256:022fb9c87b524d1f7862b3037e541f68597a730a8843245c349fc93e1643dc4e",
                "sha256:e162203737712307dfe78860cc56c8da8a852ab2ee33750e33aeadf38d12c548"
            ],
            "markers": "python_version >= '2.7' and python_version not in '3.0, 3.1, 3.2, 3.3'",
            "version": "==0.3.1"
        },
        "tablib": {
            "extras": [
                "xls",
                "xlsx"
            ],
            "hashes": [
                "sha256:8cc2fa10bc37219ac5e76850eb7fbd50de313c7a1a7895c44af2a8dd206b7be7",
                "sha256:c5a77c96ad306d5b380def1309d521ad5e98b4f83726f84857ad87e142d13279"
            ],
            "markers": "python_version >= '3.5'",
            "version": "==2.0.0"
        },
        "unidecode": {
            "hashes": [
                "sha256:1d7a042116536098d05d599ef2b8616759f02985c85b4fef50c78a5aaf10822a",
                "sha256:2b6aab710c2a1647e928e36d69c21e76b453cd455f4e2621000e54b2a9b8cce8"
            ],
            "version": "==1.1.1"
        },
        "urllib3": {
            "hashes": [
                "sha256:91056c15fa70756691db97756772bb1eb9678fa585d9184f24534b100dc60f4a",
                "sha256:e7983572181f5e1522d9c98453462384ee92a0be7fac5f1413a1e35c56cc0461"
            ],
            "markers": "python_version >= '2.7' and python_version not in '3.0, 3.1, 3.2, 3.3, 3.4' and python_version < '4'",
            "version": "==1.25.10"
        },
        "wagtail": {
            "hashes": [
                "sha256:63b0ad14ee7a5a13bf3a7cd3a697db7cc4d1f5f141b4240d82c5d9ea3dc9de3b",
                "sha256:f14b391e9e62a84f740fa321faaf7539c852071822f890b2761d9de867f547e7"
            ],
            "index": "pypi",
            "version": "==2.10"
        },
        "wagtailmenus": {
            "hashes": [
                "sha256:518b8e74fddcae91115313085673b72fdfc17aa4f711f0ea00dbdffa20abce33",
                "sha256:77c2e098decc8882f8fbf4fbab6c04911a0daf744aabbfb7e4952f03e3533386"
            ],
            "index": "pypi",
            "version": "==3.0.2"
        },
        "webencodings": {
            "hashes": [
                "sha256:a0af1213f3c2226497a97e2b3aa01a7e4bee4f403f95be16fc9acd2947514a78",
                "sha256:b36a1c245f2d304965eb4e0a82848379241dc04b865afcc4aab16748587e1923"
            ],
            "version": "==0.5.1"
        },
        "willow": {
            "hashes": [
                "sha256:698f755fc6bfb8984ac8550f470a0cb630ec1e628287475315d4d1e7595d7337",
                "sha256:cde01e054c510284ac3459d6b531e1653a58e33a735706ac27905a94fe81742c"
            ],
            "version": "==1.4"
        },
        "xlrd": {
            "hashes": [
                "sha256:546eb36cee8db40c3eaa46c351e67ffee6eeb5fa2650b71bc4c758a29a1b29b2",
                "sha256:e551fb498759fa3a5384a94ccd4c3c02eb7c00ea424426e212ac0c57be9dfbde"
            ],
            "version": "==1.2.0"
        },
        "xlsxwriter": {
            "hashes": [
                "sha256:18385dacdf6327da72e9d41589669d521ec914726bd493fc18e27afb4bb318dc",
                "sha256:3ba4655713c8c84b428b529c8e353ac028626ec57f348094da4f66fdc573b0fb"
            ],
            "version": "==1.3.2"
        },
        "xlwt": {
            "hashes": [
                "sha256:a082260524678ba48a297d922cc385f58278b8aa68741596a87de01a9c628b2e",
                "sha256:c59912717a9b28f1a3c2a98fd60741014b06b043936dcecbc113eaaada156c88"
            ],
            "version": "==1.3.0"
        }
    },
    "develop": {
        "appdirs": {
            "hashes": [
                "sha256:7d5d0167b2b1ba821647616af46a749d1c653740dd0d2415100fe26e27afdf41",
                "sha256:a841dacd6b99318a741b166adb07e19ee71a274450e68237b4650ca1055ab128"
            ],
            "version": "==1.4.4"
        },
        "backcall": {
            "hashes": [
                "sha256:5cbdbf27be5e7cfadb448baf0aa95508f91f2bbc6c6437cd9cd06e2a4c215e1e",
                "sha256:fbbce6a29f263178a1f7915c1940bde0ec2b2a967566fe1c65c1dfb7422bd255"
            ],
            "version": "==0.2.0"
        },
        "bcrypt": {
            "hashes": [
                "sha256:0258f143f3de96b7c14f762c770f5fc56ccd72f8a1857a451c1cd9a655d9ac89",
                "sha256:0b0069c752ec14172c5f78208f1863d7ad6755a6fae6fe76ec2c80d13be41e42",
                "sha256:19a4b72a6ae5bb467fea018b825f0a7d917789bcfe893e53f15c92805d187294",
                "sha256:436a487dec749bca7e6e72498a75a5fa2433bda13bac91d023e18df9089ae0b8",
                "sha256:5432dd7b34107ae8ed6c10a71b4397f1c853bd39a4d6ffa7e35f40584cffd161",
                "sha256:6305557019906466fc42dbc53b46da004e72fd7a551c044a827e572c82191752",
                "sha256:69361315039878c0680be456640f8705d76cb4a3a3fe1e057e0f261b74be4b31",
                "sha256:6fe49a60b25b584e2f4ef175b29d3a83ba63b3a4df1b4c0605b826668d1b6be5",
                "sha256:74a015102e877d0ccd02cdeaa18b32aa7273746914a6c5d0456dd442cb65b99c",
                "sha256:763669a367869786bb4c8fcf731f4175775a5b43f070f50f46f0b59da45375d0",
                "sha256:8b10acde4e1919d6015e1df86d4c217d3b5b01bb7744c36113ea43d529e1c3de",
                "sha256:9fe92406c857409b70a38729dbdf6578caf9228de0aef5bc44f859ffe971a39e",
                "sha256:a190f2a5dbbdbff4b74e3103cef44344bc30e61255beb27310e2aec407766052",
                "sha256:a595c12c618119255c90deb4b046e1ca3bcfad64667c43d1166f2b04bc72db09",
                "sha256:c9457fa5c121e94a58d6505cadca8bed1c64444b83b3204928a866ca2e599105",
                "sha256:cb93f6b2ab0f6853550b74e051d297c27a638719753eb9ff66d1e4072be67133",
                "sha256:ce4e4f0deb51d38b1611a27f330426154f2980e66582dc5f438aad38b5f24fc1",
                "sha256:d7bdc26475679dd073ba0ed2766445bb5b20ca4793ca0db32b399dccc6bc84b7",
                "sha256:ff032765bb8716d9387fd5376d987a937254b0619eff0972779515b5c98820bc"
            ],
            "markers": "python_version >= '2.7' and python_version not in '3.0, 3.1, 3.2, 3.3'",
            "version": "==3.1.7"
        },
        "cffi": {
            "hashes": [
                "sha256:267adcf6e68d77ba154334a3e4fc921b8e63cbb38ca00d33d40655d4228502bc",
                "sha256:26f33e8f6a70c255767e3c3f957ccafc7f1f706b966e110b855bfe944511f1f9",
                "sha256:3cd2c044517f38d1b577f05927fb9729d3396f1d44d0c659a445599e79519792",
                "sha256:4a03416915b82b81af5502459a8a9dd62a3c299b295dcdf470877cb948d655f2",
                "sha256:4ce1e995aeecf7cc32380bc11598bfdfa017d592259d5da00fc7ded11e61d022",
                "sha256:4f53e4128c81ca3212ff4cf097c797ab44646a40b42ec02a891155cd7a2ba4d8",
                "sha256:4fa72a52a906425416f41738728268072d5acfd48cbe7796af07a923236bcf96",
                "sha256:66dd45eb9530e3dde8f7c009f84568bc7cac489b93d04ac86e3111fb46e470c2",
                "sha256:6923d077d9ae9e8bacbdb1c07ae78405a9306c8fd1af13bfa06ca891095eb995",
                "sha256:833401b15de1bb92791d7b6fb353d4af60dc688eaa521bd97203dcd2d124a7c1",
                "sha256:8416ed88ddc057bab0526d4e4e9f3660f614ac2394b5e019a628cdfff3733849",
                "sha256:892daa86384994fdf4856cb43c93f40cbe80f7f95bb5da94971b39c7f54b3a9c",
                "sha256:98be759efdb5e5fa161e46d404f4e0ce388e72fbf7d9baf010aff16689e22abe",
                "sha256:a6d28e7f14ecf3b2ad67c4f106841218c8ab12a0683b1528534a6c87d2307af3",
                "sha256:b1d6ebc891607e71fd9da71688fcf332a6630b7f5b7f5549e6e631821c0e5d90",
                "sha256:b2a2b0d276a136146e012154baefaea2758ef1f56ae9f4e01c612b0831e0bd2f",
                "sha256:b87dfa9f10a470eee7f24234a37d1d5f51e5f5fa9eeffda7c282e2b8f5162eb1",
                "sha256:bac0d6f7728a9cc3c1e06d4fcbac12aaa70e9379b3025b27ec1226f0e2d404cf",
                "sha256:c991112622baee0ae4d55c008380c32ecfd0ad417bcd0417ba432e6ba7328caa",
                "sha256:cda422d54ee7905bfc53ee6915ab68fe7b230cacf581110df4272ee10462aadc",
                "sha256:d3148b6ba3923c5850ea197a91a42683f946dba7e8eb82dfa211ab7e708de939",
                "sha256:d6033b4ffa34ef70f0b8086fd4c3df4bf801fee485a8a7d4519399818351aa8e",
                "sha256:ddff0b2bd7edcc8c82d1adde6dbbf5e60d57ce985402541cd2985c27f7bec2a0",
                "sha256:e23cb7f1d8e0f93addf0cae3c5b6f00324cccb4a7949ee558d7b6ca973ab8ae9",
                "sha256:effd2ba52cee4ceff1a77f20d2a9f9bf8d50353c854a282b8760ac15b9833168",
                "sha256:f90c2267101010de42f7273c94a1f026e56cbc043f9330acd8a80e64300aba33",
                "sha256:f960375e9823ae6a07072ff7f8a85954e5a6434f97869f50d0e41649a1c8144f",
                "sha256:fcf32bf76dc25e30ed793145a57426064520890d7c02866eb93d3e4abe516948"
            ],
            "version": "==1.14.1"
        },
        "cryptography": {
            "hashes": [
                "sha256:0c608ff4d4adad9e39b5057de43657515c7da1ccb1807c3a27d4cf31fc923b4b",
                "sha256:0cbfed8ea74631fe4de00630f4bb592dad564d57f73150d6f6796a24e76c76cd",
                "sha256:124af7255ffc8e964d9ff26971b3a6153e1a8a220b9a685dc407976ecb27a06a",
                "sha256:384d7c681b1ab904fff3400a6909261cae1d0939cc483a68bdedab282fb89a07",
                "sha256:45741f5499150593178fc98d2c1a9c6722df88b99c821ad6ae298eff0ba1ae71",
                "sha256:4b9303507254ccb1181d1803a2080a798910ba89b1a3c9f53639885c90f7a756",
                "sha256:4d355f2aee4a29063c10164b032d9fa8a82e2c30768737a2fd56d256146ad559",
                "sha256:51e40123083d2f946794f9fe4adeeee2922b581fa3602128ce85ff813d85b81f",
                "sha256:8713ddb888119b0d2a1462357d5946b8911be01ddbf31451e1d07eaa5077a261",
                "sha256:8e924dbc025206e97756e8903039662aa58aa9ba357d8e1d8fc29e3092322053",
                "sha256:8ecef21ac982aa78309bb6f092d1677812927e8b5ef204a10c326fc29f1367e2",
                "sha256:8ecf9400d0893836ff41b6f977a33972145a855b6efeb605b49ee273c5e6469f",
                "sha256:9367d00e14dee8d02134c6c9524bb4bd39d4c162456343d07191e2a0b5ec8b3b",
                "sha256:a09fd9c1cca9a46b6ad4bea0a1f86ab1de3c0c932364dbcf9a6c2a5eeb44fa77",
                "sha256:ab49edd5bea8d8b39a44b3db618e4783ef84c19c8b47286bf05dfdb3efb01c83",
                "sha256:bea0b0468f89cdea625bb3f692cd7a4222d80a6bdafd6fb923963f2b9da0e15f",
                "sha256:bec7568c6970b865f2bcebbe84d547c52bb2abadf74cefce396ba07571109c67",
                "sha256:ce82cc06588e5cbc2a7df3c8a9c778f2cb722f56835a23a68b5a7264726bb00c",
                "sha256:dea0ba7fe6f9461d244679efa968d215ea1f989b9c1957d7f10c21e5c7c09ad6"
            ],
            "markers": "python_version >= '2.7' and python_version not in '3.0, 3.1, 3.2, 3.3, 3.4'",
            "version": "==3.0"
        },
        "decorator": {
            "hashes": [
                "sha256:41fa54c2a0cc4ba648be4fd43cff00aedf5b9465c9bf18d64325bc225f08f760",
                "sha256:e3a62f0520172440ca0dcc823749319382e377f37f140a0b99ef45fecb84bfe7"
            ],
            "version": "==4.4.2"
        },
        "distlib": {
            "hashes": [
                "sha256:8c09de2c67b3e7deef7184574fc060ab8a793e7adbb183d942c389c8b13c52fb",
                "sha256:edf6116872c863e1aa9d5bb7cb5e05a022c519a4594dc703843343a9ddd9bff1"
            ],
            "version": "==0.3.1"
        },
        "django": {
            "hashes": [
                "sha256:3e2f5d172215862abf2bac3138d8a04229d34dbd2d0dab42c6bf33876cc22323",
                "sha256:91f540000227eace0504a24f508de26daa756353aa7376c6972d7920bc339a3a"
            ],
            "index": "pypi",
            "version": "==2.2.15"
        },
        "django-debug-toolbar": {
            "hashes": [
                "sha256:eabbefe89881bbe4ca7c980ff102e3c35c8e8ad6eb725041f538988f2f39a943",
                "sha256:ff94725e7aae74b133d0599b9bf89bd4eb8f5d2c964106e61d11750228c8774c"
            ],
            "index": "pypi",
            "version": "==2.2"
        },
        "fabric3": {
            "hashes": [
                "sha256:647e485ec83f30b587862f92374d6affc217f3d79819d1d7f512e42e7ae51e81",
                "sha256:7c5a5f2eb3079eb6bd2a69931f1ca298844c730ce3fdc68111db16e8857a0408"
            ],
            "index": "pypi",
            "version": "==1.14.post1"
        },
        "filelock": {
            "hashes": [
                "sha256:18d82244ee114f543149c66a6e0c14e9c4f8a1044b5cdaadd0f82159d6a6ff59",
                "sha256:929b7d63ec5b7d6b71b0fa5ac14e030b3f70b75747cef1b10da9b879fef15836"
            ],
            "version": "==3.0.12"
        },
        "flake8": {
            "hashes": [
                "sha256:15e351d19611c887e482fb960eae4d44845013cc142d42896e9862f775d8cf5c",
                "sha256:f04b9fcbac03b0a3e58c0ab3a0ecc462e023a9faf046d57794184028123aa208"
            ],
            "index": "pypi",
            "version": "==3.8.3"
        },
        "importlib-metadata": {
            "hashes": [
                "sha256:90bb658cdbbf6d1735b6341ce708fc7024a3e14e99ffdc5783edea9f9b077f83",
                "sha256:dc15b2969b4ce36305c51eebe62d418ac7791e9a157911d58bfb1f9ccd8e2070"
            ],
            "markers": "python_version < '3.8' and python_version < '3.8'",
            "version": "==1.7.0"
        },
        "importlib-resources": {
            "hashes": [
                "sha256:19f745a6eca188b490b1428c8d1d4a0d2368759f32370ea8fb89cad2ab1106c3",
                "sha256:d028f66b66c0d5732dae86ba4276999855e162a749c92620a38c1d779ed138a7"
            ],
            "markers": "python_version < '3.7'",
            "version": "==3.0.0"
        },
        "ipython": {
            "hashes": [
                "sha256:dfd303b270b7b5232b3d08bd30ec6fd685d8a58cabd54055e3d69d8f029f7280",
                "sha256:ed7ebe1cba899c1c3ccad6f7f1c2d2369464cc77dba8eebc65e2043e19cda995"
            ],
            "index": "pypi",
            "version": "==7.9.0"
        },
        "ipython-genutils": {
            "hashes": [
                "sha256:72dd37233799e619666c9f639a9da83c34013a73e8bbc79a7a6348d93c61fab8",
                "sha256:eb2e116e75ecef9d4d228fdc66af54269afa26ab4463042e33785b887c628ba8"
            ],
            "version": "==0.2.0"
        },
        "jedi": {
            "hashes": [
                "sha256:86ed7d9b750603e4ba582ea8edc678657fb4007894a12bcf6f4bb97892f31d20",
                "sha256:98cc583fa0f2f8304968199b01b6b4b94f469a1f4a74c1560506ca2a211378b5"
            ],
            "markers": "python_version >= '2.7' and python_version not in '3.0, 3.1, 3.2, 3.3, 3.4'",
            "version": "==0.17.2"
        },
        "mccabe": {
            "hashes": [
                "sha256:ab8a6258860da4b6677da4bd2fe5dc2c659cff31b3ee4f7f5d64e79735b80d42",
                "sha256:dd8d182285a0fe56bace7f45b5e7d1a6ebcbf524e8f3bd87eb0f125271b8831f"
            ],
            "version": "==0.6.1"
        },
        "packaging": {
            "hashes": [
                "sha256:4357f74f47b9c12db93624a82154e9b120fa8293699949152b22065d556079f8",
                "sha256:998416ba6962ae7fbd6596850b80e17859a5753ba17c32284f67bfff33784181"
            ],
            "markers": "python_version >= '2.7' and python_version not in '3.0, 3.1, 3.2, 3.3'",
            "version": "==20.4"
        },
        "paramiko": {
            "hashes": [
                "sha256:920492895db8013f6cc0179293147f830b8c7b21fdfc839b6bad760c27459d9f",
                "sha256:9c980875fa4d2cb751604664e9a2d0f69096643f5be4db1b99599fe114a97b2f"
            ],
            "version": "==2.7.1"
        },
        "parso": {
            "hashes": [
                "sha256:97218d9159b2520ff45eb78028ba8b50d2bc61dcc062a9682666f2dc4bd331ea",
                "sha256:caba44724b994a8a5e086460bb212abc5a8bc46951bf4a9a1210745953622eb9"
            ],
            "markers": "python_version >= '2.7' and python_version not in '3.0, 3.1, 3.2, 3.3'",
            "version": "==0.7.1"
        },
        "pexpect": {
            "hashes": [
                "sha256:0b48a55dcb3c05f3329815901ea4fc1537514d6ba867a152b581d69ae3710937",
                "sha256:fc65a43959d153d0114afe13997d439c22823a27cefceb5ff35c2178c6784c0c"
            ],
            "markers": "sys_platform != 'win32'",
            "version": "==4.8.0"
        },
        "pickleshare": {
            "hashes": [
                "sha256:87683d47965c1da65cdacaf31c8441d12b8044cdec9aca500cd78fc2c683afca",
                "sha256:9649af414d74d4df115d5d718f82acb59c9d418196b7b4290ed47a12ce62df56"
            ],
            "version": "==0.7.5"
        },
        "pluggy": {
            "hashes": [
                "sha256:15b2acde666561e1298d71b523007ed7364de07029219b604cf808bfa1c765b0",
                "sha256:966c145cd83c96502c3c3868f50408687b38434af77734af1e9ca461a4081d2d"
            ],
            "markers": "python_version >= '2.7' and python_version not in '3.0, 3.1, 3.2, 3.3'",
            "version": "==0.13.1"
        },
        "prompt-toolkit": {
            "hashes": [
                "sha256:46642344ce457641f28fc9d1c9ca939b63dadf8df128b86f1b9860e59c73a5e4",
                "sha256:e7f8af9e3d70f514373bf41aa51bc33af12a6db3f71461ea47fea985defb2c31",
                "sha256:f15af68f66e664eaa559d4ac8a928111eebd5feda0c11738b5998045224829db"
            ],
            "version": "==2.0.10"
        },
        "ptyprocess": {
            "hashes": [
                "sha256:923f299cc5ad920c68f2bc0bc98b75b9f838b93b599941a6b63ddbc2476394c0",
                "sha256:d7cc528d76e76342423ca640335bd3633420dc1366f258cb31d05e865ef5ca1f"
            ],
            "version": "==0.6.0"
        },
        "py": {
            "hashes": [
                "sha256:366389d1db726cd2fcfc79732e75410e5fe4d31db13692115529d34069a043c2",
                "sha256:9ca6883ce56b4e8da7e79ac18787889fa5206c79dcc67fb065376cd2fe03f342"
            ],
            "markers": "python_version >= '2.7' and python_version not in '3.0, 3.1, 3.2, 3.3'",
            "version": "==1.9.0"
        },
        "pycodestyle": {
            "hashes": [
                "sha256:2295e7b2f6b5bd100585ebcb1f616591b652db8a741695b3d8f5d28bdc934367",
                "sha256:c58a7d2815e0e8d7972bf1803331fb0152f867bd89adf8a01dfd55085434192e"
            ],
            "markers": "python_version >= '2.7' and python_version not in '3.0, 3.1, 3.2, 3.3'",
            "version": "==2.6.0"
        },
        "pycparser": {
            "hashes": [
                "sha256:2d475327684562c3a96cc71adf7dc8c4f0565175cf86b6d7a404ff4c771f15f0",
                "sha256:7582ad22678f0fcd81102833f60ef8d0e57288b6b5fb00323d101be910e35705"
            ],
            "markers": "python_version >= '2.7' and python_version not in '3.0, 3.1, 3.2, 3.3'",
            "version": "==2.20"
        },
        "pyflakes": {
            "hashes": [
                "sha256:0d94e0e05a19e57a99444b6ddcf9a6eb2e5c68d3ca1e98e90707af8152c90a92",
                "sha256:35b2d75ee967ea93b55750aa9edbbf72813e06a66ba54438df2cfac9e3c27fc8"
            ],
            "markers": "python_version >= '2.7' and python_version not in '3.0, 3.1, 3.2, 3.3'",
            "version": "==2.2.0"
        },
        "pygments": {
            "hashes": [
                "sha256:647344a061c249a3b74e230c739f434d7ea4d8b1d5f3721bc0f3558049b38f44",
                "sha256:ff7a40b4860b727ab48fad6360eb351cc1b33cbf9b15a0f689ca5353e9463324"
            ],
            "markers": "python_version >= '3.5'",
            "version": "==2.6.1"
        },
        "pynacl": {
            "hashes": [
                "sha256:06cbb4d9b2c4bd3c8dc0d267416aaed79906e7b33f114ddbf0911969794b1cc4",
                "sha256:11335f09060af52c97137d4ac54285bcb7df0cef29014a1a4efe64ac065434c4",
                "sha256:2fe0fc5a2480361dcaf4e6e7cea00e078fcda07ba45f811b167e3f99e8cff574",
                "sha256:30f9b96db44e09b3304f9ea95079b1b7316b2b4f3744fe3aaecccd95d547063d",
                "sha256:511d269ee845037b95c9781aa702f90ccc36036f95d0f31373a6a79bd8242e25",
                "sha256:537a7ccbea22905a0ab36ea58577b39d1fa9b1884869d173b5cf111f006f689f",
                "sha256:54e9a2c849c742006516ad56a88f5c74bf2ce92c9f67435187c3c5953b346505",
                "sha256:757250ddb3bff1eecd7e41e65f7f833a8405fede0194319f87899690624f2122",
                "sha256:7757ae33dae81c300487591c68790dfb5145c7d03324000433d9a2c141f82af7",
                "sha256:7c6092102219f59ff29788860ccb021e80fffd953920c4a8653889c029b2d420",
                "sha256:8122ba5f2a2169ca5da936b2e5a511740ffb73979381b4229d9188f6dcb22f1f",
                "sha256:9c4a7ea4fb81536c1b1f5cc44d54a296f96ae78c1ebd2311bd0b60be45a48d96",
                "sha256:cd401ccbc2a249a47a3a1724c2918fcd04be1f7b54eb2a5a71ff915db0ac51c6",
                "sha256:d452a6746f0a7e11121e64625109bc4468fc3100452817001dbe018bb8b08514",
                "sha256:ea6841bc3a76fa4942ce00f3bda7d436fda21e2d91602b9e21b7ca9ecab8f3ff",
                "sha256:f8851ab9041756003119368c1e6cd0b9c631f46d686b3904b18c0139f4419f80"
            ],
            "markers": "python_version >= '2.7' and python_version not in '3.0, 3.1, 3.2, 3.3'",
            "version": "==1.4.0"
        },
        "pyparsing": {
            "hashes": [
                "sha256:c203ec8783bf771a155b207279b9bccb8dea02d8f0c9e5f8ead507bc3246ecc1",
                "sha256:ef9d7589ef3c200abe66653d3f1ab1033c3c419ae9b9bdb1240a85b024efc88b"
            ],
            "markers": "python_version >= '2.6' and python_version not in '3.0, 3.1, 3.2'",
            "version": "==2.4.7"
        },
        "pytz": {
            "hashes": [
                "sha256:a494d53b6d39c3c6e44c3bec237336e14305e4f29bbf800b599253057fbb79ed",
                "sha256:c35965d010ce31b23eeb663ed3cc8c906275d6be1a34393a1d73a41febf4a048"
            ],
            "version": "==2020.1"
        },
        "six": {
            "hashes": [
                "sha256:30639c035cdb23534cd4aa2dd52c3bf48f06e5f4a941509c8bafd8ce11080259",
                "sha256:8b74bedcbbbaca38ff6d7491d76f2b06b3592611af620f8426e82dddb04a5ced"
            ],
            "markers": "python_version >= '2.7' and python_version not in '3.0, 3.1, 3.2'",
            "version": "==1.15.0"
        },
        "sqlparse": {
            "hashes": [
                "sha256:022fb9c87b524d1f7862b3037e541f68597a730a8843245c349fc93e1643dc4e",
                "sha256:e162203737712307dfe78860cc56c8da8a852ab2ee33750e33aeadf38d12c548"
            ],
            "markers": "python_version >= '2.7' and python_version not in '3.0, 3.1, 3.2, 3.3'",
            "version": "==0.3.1"
        },
        "toml": {
            "hashes": [
                "sha256:926b612be1e5ce0634a2ca03470f95169cf16f939018233a670519cb4ac58b0f",
                "sha256:bda89d5935c2eac546d648028b9901107a595863cb36bae0c73ac804a9b4ce88"
            ],
            "version": "==0.10.1"
        },
        "tox": {
            "hashes": [
                "sha256:17e61a93afe5c49281fb969ab71f7a3f22d7586d1c56f9a74219910f356fe7d3",
                "sha256:3d94b6921a0b6dc90fd8128df83741f30bb41ccd6cd52d131a6a6944ca8f16e6"
            ],
            "index": "pypi",
            "version": "==3.19.0"
        },
        "traitlets": {
            "hashes": [
                "sha256:70b4c6a1d9019d7b4f6846832288f86998aa3b9207c6821f3578a6a6a467fe44",
                "sha256:d023ee369ddd2763310e4c3eae1ff649689440d4ae59d7485eb4cfbbe3e359f7"
            ],
            "version": "==4.3.3"
        },
        "virtualenv": {
            "hashes": [
                "sha256:7b54fd606a1b85f83de49ad8d80dbec08e983a2d2f96685045b262ebc7481ee5",
                "sha256:8cd7b2a4850b003a11be2fc213e206419efab41115cc14bca20e69654f2ac08e"
            ],
            "markers": "python_version >= '2.7' and python_version not in '3.0, 3.1, 3.2, 3.3'",
            "version": "==20.0.30"
        },
        "wcwidth": {
            "hashes": [
                "sha256:beb4802a9cebb9144e99086eff703a642a13d6a0052920003a230f3294bbe784",
                "sha256:c4d647b99872929fdb7bdcaa4fbe7f01413ed3d98077df798530e5b04f116c83"
            ],
            "version": "==0.2.5"
        },
        "zipp": {
            "hashes": [
                "sha256:c70410551488251b0fee67b460fb9a536af8d6f9f008ad10ac51f615b6a521b1",
                "sha256:e0d9e63797e483a30d27e09fffd308c59a700d365ec34e93cc100844168bf921"
            ],
            "markers": "python_version < '3.8'",
            "version": "==1.2.0"
        }
    }
}
